
Microsoft Visual Studio Solution File, Format Version 12.00
# Visual Studio Version 17
VisualStudioVersion = 17.6.33829.357
MinimumVisualStudioVersion = 10.0.40219.1
Project("{FAE04EC0-301F-11D3-BF4B-00C04F79EFBC}") = "TheApp", "TheApp\TheApp.csproj", "{DBA9AC9E-8E7C-40C9-9521-CA7CBE30C428}"
EndProject
Global
	GlobalSection(SolutionConfigurationPlatforms) = preSolution
		Debug|Any CPU = Debug|Any CPU
		Release|Any CPU = Release|Any CPU
	EndGlobalSection
	GlobalSection(ProjectConfigurationPlatforms) = postSolution
		{DBA9AC9E-8E7C-40C9-9521-CA7CBE30C428}.Debug|Any CPU.ActiveCfg = Debug|Any CPU
		{DBA9AC9E-8E7C-40C9-9521-CA7CBE30C428}.Debug|Any CPU.Build.0 = Debug|Any CPU
		{DBA9AC9E-8E7C-40C9-9521-CA7CBE30C428}.Release|Any CPU.ActiveCfg = Release|Any CPU
		{DBA9AC9E-8E7C-40C9-9521-CA7CBE30C428}.Release|Any CPU.Build.0 = Release|Any CPU
	EndGlobalSection
	GlobalSection(SolutionProperties) = preSolution
		HideSolutionNode = FALSE
	EndGlobalSection
	GlobalSection(ExtensibilityGlobals) = postSolution
		SolutionGuid = {70DB5900-6DAF-41ED-B369-24E47B4FF1E7}
	EndGlobalSection
EndGlobal
